
Microsoft Visual Studio Solution File, Format Version 12.00
# Visual Studio 15
VisualStudioVersion = 15.0.27130.2036
MinimumVisualStudioVersion = 10.0.40219.1
Project("{FAE04EC0-301F-11D3-BF4B-00C04F79EFBC}") = "OutlookToDesktop.Ribbon", "OutlookToDesktop.Ribbon\OutlookToDesktop.Ribbon.csproj", "{3183407A-4043-4E27-A6AB-0480AA20DB6A}"
EndProject
Project("{9A19103F-16F7-4668-BE54-9A1E7A4F7556}") = "OutlookToDesktop.ApiService", "OutlookToDesktop.ApiService\OutlookToDesktop.ApiService.csproj", "{577A6E7F-980F-4045-A983-6D8C81A075F9}"
EndProject
Project("{54435603-DBB4-11D2-8724-00A0C9A8B90C}") = "OutlookToDesktop.Setup", "OutlookToDesktop.Setup\AddinSetup.vdproj", "{5F319A77-8FB5-4FFA-A27F-B2F9BD8E2590}"
EndProject
Global
	GlobalSection(SolutionConfigurationPlatforms) = preSolution
		Debug|Any CPU = Debug|Any CPU
		Release|Any CPU = Release|Any CPU
	EndGlobalSection
	GlobalSection(ProjectConfigurationPlatforms) = postSolution
		{3183407A-4043-4E27-A6AB-0480AA20DB6A}.Debug|Any CPU.ActiveCfg = Debug|Any CPU
		{3183407A-4043-4E27-A6AB-0480AA20DB6A}.Debug|Any CPU.Build.0 = Debug|Any CPU
		{3183407A-4043-4E27-A6AB-0480AA20DB6A}.Release|Any CPU.ActiveCfg = Release|Any CPU
		{3183407A-4043-4E27-A6AB-0480AA20DB6A}.Release|Any CPU.Build.0 = Release|Any CPU
		{577A6E7F-980F-4045-A983-6D8C81A075F9}.Debug|Any CPU.ActiveCfg = Debug|Any CPU
		{577A6E7F-980F-4045-A983-6D8C81A075F9}.Debug|Any CPU.Build.0 = Debug|Any CPU
		{577A6E7F-980F-4045-A983-6D8C81A075F9}.Release|Any CPU.ActiveCfg = Release|Any CPU
		{577A6E7F-980F-4045-A983-6D8C81A075F9}.Release|Any CPU.Build.0 = Release|Any CPU
		{5F319A77-8FB5-4FFA-A27F-B2F9BD8E2590}.Debug|Any CPU.ActiveCfg = Debug
		{5F319A77-8FB5-4FFA-A27F-B2F9BD8E2590}.Release|Any CPU.ActiveCfg = Release
	EndGlobalSection
	GlobalSection(SolutionProperties) = preSolution
		HideSolutionNode = FALSE
	EndGlobalSection
	GlobalSection(ExtensibilityGlobals) = postSolution
		SolutionGuid = {B30FFB41-5110-45A5-8E6A-D4809C4CC2DC}
	EndGlobalSection
	GlobalSection(Performance) = preSolution
		HasPerformanceSessions = true
	EndGlobalSection
	GlobalSection(Performance) = preSolution
		HasPerformanceSessions = true
	EndGlobalSection
EndGlobal
